// !$*UTF8*$!
{
	archiveVersion = 1;
	classes = {
	};
	objectVersion = 55;
	objects = {

/* Begin PBXBuildFile section */
		274D64582B6CF951004E36C5 /* NewsfeedPresenter.swift in Sources */ = {isa = PBXBuildFile; fileRef = 274D64512B6CF951004E36C5 /* NewsfeedPresenter.swift */; };
		274D64592B6CF951004E36C5 /* NewsfeedWorker.swift in Sources */ = {isa = PBXBuildFile; fileRef = 274D64522B6CF951004E36C5 /* NewsfeedWorker.swift */; };
		274D645A2B6CF951004E36C5 /* NewsfeedRouter.swift in Sources */ = {isa = PBXBuildFile; fileRef = 274D64532B6CF951004E36C5 /* NewsfeedRouter.swift */; };
		274D645B2B6CF951004E36C5 /* NewsfeedModels.swift in Sources */ = {isa = PBXBuildFile; fileRef = 274D64542B6CF951004E36C5 /* NewsfeedModels.swift */; };
		274D645C2B6CF951004E36C5 /* NewsfeedViewController.swift in Sources */ = {isa = PBXBuildFile; fileRef = 274D64552B6CF951004E36C5 /* NewsfeedViewController.swift */; };
		274D645D2B6CF951004E36C5 /* NewsfeedInteractor.swift in Sources */ = {isa = PBXBuildFile; fileRef = 274D64562B6CF951004E36C5 /* NewsfeedInteractor.swift */; };
		274D64602B6F635F004E36C5 /* NewsfeedViewController.storyboard in Resources */ = {isa = PBXBuildFile; fileRef = 274D645F2B6F635F004E36C5 /* NewsfeedViewController.storyboard */; };
		274D64632B6FA3A7004E36C5 /* NewsfeedCell.swift in Sources */ = {isa = PBXBuildFile; fileRef = 274D64622B6FA3A7004E36C5 /* NewsfeedCell.swift */; };
		274D64652B6FA42D004E36C5 /* NewsfeedCell.xib in Resources */ = {isa = PBXBuildFile; fileRef = 274D64642B6FA42D004E36C5 /* NewsfeedCell.xib */; };
		27620F662B7A2272003FA7EF /* String + Height.swift in Sources */ = {isa = PBXBuildFile; fileRef = 27620F652B7A2272003FA7EF /* String + Height.swift */; };
		278C2A9E2B56A10C00F25D5D /* AppDelegate.swift in Sources */ = {isa = PBXBuildFile; fileRef = 278C2A9D2B56A10C00F25D5D /* AppDelegate.swift */; };
		278C2AA02B56A10C00F25D5D /* SceneDelegate.swift in Sources */ = {isa = PBXBuildFile; fileRef = 278C2A9F2B56A10C00F25D5D /* SceneDelegate.swift */; };
		278C2AA22B56A10C00F25D5D /* AuthViewController.swift in Sources */ = {isa = PBXBuildFile; fileRef = 278C2AA12B56A10C00F25D5D /* AuthViewController.swift */; };
		278C2AA72B56A10F00F25D5D /* Assets.xcassets in Resources */ = {isa = PBXBuildFile; fileRef = 278C2AA62B56A10F00F25D5D /* Assets.xcassets */; };
		278C2AAA2B56A10F00F25D5D /* LaunchScreen.storyboard in Resources */ = {isa = PBXBuildFile; fileRef = 278C2AA82B56A10F00F25D5D /* LaunchScreen.storyboard */; };
		278F18592B762A9600901109 /* NewsFeedCellLayoutCalculator.swift in Sources */ = {isa = PBXBuildFile; fileRef = 278F18582B762A9600901109 /* NewsFeedCellLayoutCalculator.swift */; };
		27CFF71D2B62A05D00FBBC23 /* FeedResponse.swift in Sources */ = {isa = PBXBuildFile; fileRef = 27CFF71C2B62A05C00FBBC23 /* FeedResponse.swift */; };
		27CFF71F2B62A61D00FBBC23 /* NetworkDataFetcher.swift in Sources */ = {isa = PBXBuildFile; fileRef = 27CFF71E2B62A61D00FBBC23 /* NetworkDataFetcher.swift */; };
		27F049622B74D8E200883146 /* WebImageView.swift in Sources */ = {isa = PBXBuildFile; fileRef = 27F049612B74D8E200883146 /* WebImageView.swift */; };
		27F60F702B5E9E8E009FD933 /* VKSdkFramework.xcframework in Frameworks */ = {isa = PBXBuildFile; fileRef = 27F60F6F2B5E9E8E009FD933 /* VKSdkFramework.xcframework */; };
		27F60F712B5E9E8E009FD933 /* VKSdkFramework.xcframework in Embed Frameworks */ = {isa = PBXBuildFile; fileRef = 27F60F6F2B5E9E8E009FD933 /* VKSdkFramework.xcframework */; settings = {ATTRIBUTES = (CodeSignOnCopy, RemoveHeadersOnCopy, ); }; };
		27F60F742B60C55A009FD933 /* AuthService.swift in Sources */ = {isa = PBXBuildFile; fileRef = 27F60F732B60C55A009FD933 /* AuthService.swift */; };
		27F60F772B60CD22009FD933 /* AuthViewController.storyboard in Resources */ = {isa = PBXBuildFile; fileRef = 27F60F762B60CD22009FD933 /* AuthViewController.storyboard */; };
		27F60F7F2B6117DE009FD933 /* NetworkService.swift in Sources */ = {isa = PBXBuildFile; fileRef = 27F60F7E2B6117DE009FD933 /* NetworkService.swift */; };
		27F60F812B611993009FD933 /* API.swift in Sources */ = {isa = PBXBuildFile; fileRef = 27F60F802B611993009FD933 /* API.swift */; };
/* End PBXBuildFile section */

/* Begin PBXCopyFilesBuildPhase section */
		27F60F722B5E9E8E009FD933 /* Embed Frameworks */ = {
			isa = PBXCopyFilesBuildPhase;
			buildActionMask = 2147483647;
			dstPath = "";
			dstSubfolderSpec = 10;
			files = (
				27F60F712B5E9E8E009FD933 /* VKSdkFramework.xcframework in Embed Frameworks */,
			);
			name = "Embed Frameworks";
			runOnlyForDeploymentPostprocessing = 0;
		};
/* End PBXCopyFilesBuildPhase section */

/* Begin PBXFileReference section */
		274D64512B6CF951004E36C5 /* NewsfeedPresenter.swift */ = {isa = PBXFileReference; lastKnownFileType = sourcecode.swift; path = NewsfeedPresenter.swift; sourceTree = "<group>"; };
		274D64522B6CF951004E36C5 /* NewsfeedWorker.swift */ = {isa = PBXFileReference; lastKnownFileType = sourcecode.swift; path = NewsfeedWorker.swift; sourceTree = "<group>"; };
		274D64532B6CF951004E36C5 /* NewsfeedRouter.swift */ = {isa = PBXFileReference; lastKnownFileType = sourcecode.swift; path = NewsfeedRouter.swift; sourceTree = "<group>"; };
		274D64542B6CF951004E36C5 /* NewsfeedModels.swift */ = {isa = PBXFileReference; lastKnownFileType = sourcecode.swift; path = NewsfeedModels.swift; sourceTree = "<group>"; };
		274D64552B6CF951004E36C5 /* NewsfeedViewController.swift */ = {isa = PBXFileReference; lastKnownFileType = sourcecode.swift; path = NewsfeedViewController.swift; sourceTree = "<group>"; };
		274D64562B6CF951004E36C5 /* NewsfeedInteractor.swift */ = {isa = PBXFileReference; lastKnownFileType = sourcecode.swift; path = NewsfeedInteractor.swift; sourceTree = "<group>"; };
		274D645F2B6F635F004E36C5 /* NewsfeedViewController.storyboard */ = {isa = PBXFileReference; lastKnownFileType = file.storyboard; path = NewsfeedViewController.storyboard; sourceTree = "<group>"; };
		274D64622B6FA3A7004E36C5 /* NewsfeedCell.swift */ = {isa = PBXFileReference; lastKnownFileType = sourcecode.swift; path = NewsfeedCell.swift; sourceTree = "<group>"; };
		274D64642B6FA42D004E36C5 /* NewsfeedCell.xib */ = {isa = PBXFileReference; lastKnownFileType = file.xib; path = NewsfeedCell.xib; sourceTree = "<group>"; };
		27620F652B7A2272003FA7EF /* String + Height.swift */ = {isa = PBXFileReference; lastKnownFileType = sourcecode.swift; path = "String + Height.swift"; sourceTree = "<group>"; };
		278C2A9A2B56A10C00F25D5D /* VkNewsFeed.app */ = {isa = PBXFileReference; explicitFileType = wrapper.application; includeInIndex = 0; path = VkNewsFeed.app; sourceTree = BUILT_PRODUCTS_DIR; };
		278C2A9D2B56A10C00F25D5D /* AppDelegate.swift */ = {isa = PBXFileReference; lastKnownFileType = sourcecode.swift; path = AppDelegate.swift; sourceTree = "<group>"; };
		278C2A9F2B56A10C00F25D5D /* SceneDelegate.swift */ = {isa = PBXFileReference; lastKnownFileType = sourcecode.swift; path = SceneDelegate.swift; sourceTree = "<group>"; };
		278C2AA12B56A10C00F25D5D /* AuthViewController.swift */ = {isa = PBXFileReference; lastKnownFileType = sourcecode.swift; path = AuthViewController.swift; sourceTree = "<group>"; };
		278C2AA62B56A10F00F25D5D /* Assets.xcassets */ = {isa = PBXFileReference; lastKnownFileType = folder.assetcatalog; path = Assets.xcassets; sourceTree = "<group>"; };
		278C2AA92B56A10F00F25D5D /* Base */ = {isa = PBXFileReference; lastKnownFileType = file.storyboard; name = Base; path = Base.lproj/LaunchScreen.storyboard; sourceTree = "<group>"; };
		278C2AAB2B56A10F00F25D5D /* Info.plist */ = {isa = PBXFileReference; lastKnownFileType = text.plist.xml; path = Info.plist; sourceTree = "<group>"; };
		278F18582B762A9600901109 /* NewsFeedCellLayoutCalculator.swift */ = {isa = PBXFileReference; lastKnownFileType = sourcecode.swift; path = NewsFeedCellLayoutCalculator.swift; sourceTree = "<group>"; };
		27CFF71C2B62A05C00FBBC23 /* FeedResponse.swift */ = {isa = PBXFileReference; lastKnownFileType = sourcecode.swift; path = FeedResponse.swift; sourceTree = "<group>"; };
		27CFF71E2B62A61D00FBBC23 /* NetworkDataFetcher.swift */ = {isa = PBXFileReference; lastKnownFileType = sourcecode.swift; path = NetworkDataFetcher.swift; sourceTree = "<group>"; };
		27F049612B74D8E200883146 /* WebImageView.swift */ = {isa = PBXFileReference; lastKnownFileType = sourcecode.swift; path = WebImageView.swift; sourceTree = "<group>"; };
		27F60F6F2B5E9E8E009FD933 /* VKSdkFramework.xcframework */ = {isa = PBXFileReference; lastKnownFileType = wrapper.xcframework; name = VKSdkFramework.xcframework; path = Carthage/Build/VKSdkFramework.xcframework; sourceTree = "<group>"; };
		27F60F732B60C55A009FD933 /* AuthService.swift */ = {isa = PBXFileReference; lastKnownFileType = sourcecode.swift; path = AuthService.swift; sourceTree = "<group>"; };
		27F60F762B60CD22009FD933 /* AuthViewController.storyboard */ = {isa = PBXFileReference; lastKnownFileType = file.storyboard; path = AuthViewController.storyboard; sourceTree = "<group>"; };
		27F60F7E2B6117DE009FD933 /* NetworkService.swift */ = {isa = PBXFileReference; lastKnownFileType = sourcecode.swift; path = NetworkService.swift; sourceTree = "<group>"; };
		27F60F802B611993009FD933 /* API.swift */ = {isa = PBXFileReference; lastKnownFileType = sourcecode.swift; path = API.swift; sourceTree = "<group>"; };
/* End PBXFileReference section */

/* Begin PBXFrameworksBuildPhase section */
		278C2A972B56A10C00F25D5D /* Frameworks */ = {
			isa = PBXFrameworksBuildPhase;
			buildActionMask = 2147483647;
			files = (
				27F60F702B5E9E8E009FD933 /* VKSdkFramework.xcframework in Frameworks */,
			);
			runOnlyForDeploymentPostprocessing = 0;
		};
/* End PBXFrameworksBuildPhase section */

/* Begin PBXGroup section */
		274D64502B6CF8DF004E36C5 /* Newsfeed */ = {
			isa = PBXGroup;
			children = (
				274D64612B6FA35A004E36C5 /* Cell */,
				274D645F2B6F635F004E36C5 /* NewsfeedViewController.storyboard */,
				274D64552B6CF951004E36C5 /* NewsfeedViewController.swift */,
				274D64562B6CF951004E36C5 /* NewsfeedInteractor.swift */,
				274D64512B6CF951004E36C5 /* NewsfeedPresenter.swift */,
				274D64542B6CF951004E36C5 /* NewsfeedModels.swift */,
				274D64522B6CF951004E36C5 /* NewsfeedWorker.swift */,
				274D64532B6CF951004E36C5 /* NewsfeedRouter.swift */,
			);
			path = Newsfeed;
			sourceTree = "<group>";
		};
		274D64612B6FA35A004E36C5 /* Cell */ = {
			isa = PBXGroup;
			children = (
				274D64642B6FA42D004E36C5 /* NewsfeedCell.xib */,
				274D64622B6FA3A7004E36C5 /* NewsfeedCell.swift */,
				278F18582B762A9600901109 /* NewsFeedCellLayoutCalculator.swift */,
			);
			path = Cell;
			sourceTree = "<group>";
		};
		278C2A912B56A10C00F25D5D = {
			isa = PBXGroup;
			children = (
				278C2A9C2B56A10C00F25D5D /* VkNewsFeed */,
				278C2A9B2B56A10C00F25D5D /* Products */,
				27F60F6E2B5E9E8E009FD933 /* Frameworks */,
			);
			sourceTree = "<group>";
		};
		278C2A9B2B56A10C00F25D5D /* Products */ = {
			isa = PBXGroup;
			children = (
				278C2A9A2B56A10C00F25D5D /* VkNewsFeed.app */,
			);
			name = Products;
			sourceTree = "<group>";
		};
		278C2A9C2B56A10C00F25D5D /* VkNewsFeed */ = {
			isa = PBXGroup;
			children = (
				278C2A9D2B56A10C00F25D5D /* AppDelegate.swift */,
				278C2A9F2B56A10C00F25D5D /* SceneDelegate.swift */,
				27F60F752B60C571009FD933 /* Services */,
				27F60F7D2B610AFE009FD933 /* Auth */,
				274D64502B6CF8DF004E36C5 /* Newsfeed */,
				27F049602B74D8A100883146 /* Helpers */,
				278C2AA62B56A10F00F25D5D /* Assets.xcassets */,
				278C2AA82B56A10F00F25D5D /* LaunchScreen.storyboard */,
				278C2AAB2B56A10F00F25D5D /* Info.plist */,
			);
			path = VkNewsFeed;
			sourceTree = "<group>";
		};
		27CFF71B2B62A01100FBBC23 /* Models */ = {
			isa = PBXGroup;
			children = (
				27CFF71C2B62A05C00FBBC23 /* FeedResponse.swift */,
			);
			path = Models;
			sourceTree = "<group>";
		};
		27F049602B74D8A100883146 /* Helpers */ = {
			isa = PBXGroup;
			children = (
				27F049612B74D8E200883146 /* WebImageView.swift */,
				27620F652B7A2272003FA7EF /* String + Height.swift */,
			);
			path = Helpers;
			sourceTree = "<group>";
		};
		27F60F6E2B5E9E8E009FD933 /* Frameworks */ = {
			isa = PBXGroup;
			children = (
				27F60F6F2B5E9E8E009FD933 /* VKSdkFramework.xcframework */,
			);
			name = Frameworks;
			sourceTree = "<group>";
		};
		27F60F752B60C571009FD933 /* Services */ = {
			isa = PBXGroup;
			children = (
				27CFF71B2B62A01100FBBC23 /* Models */,
				27F60F732B60C55A009FD933 /* AuthService.swift */,
				27F60F7E2B6117DE009FD933 /* NetworkService.swift */,
				27F60F802B611993009FD933 /* API.swift */,
				27CFF71E2B62A61D00FBBC23 /* NetworkDataFetcher.swift */,
			);
			path = Services;
			sourceTree = "<group>";
		};
		27F60F7D2B610AFE009FD933 /* Auth */ = {
			isa = PBXGroup;
			children = (
				278C2AA12B56A10C00F25D5D /* AuthViewController.swift */,
				27F60F762B60CD22009FD933 /* AuthViewController.storyboard */,
			);
			path = Auth;
			sourceTree = "<group>";
		};
/* End PBXGroup section */

/* Begin PBXNativeTarget section */
		278C2A992B56A10C00F25D5D /* VkNewsFeed */ = {
			isa = PBXNativeTarget;
			buildConfigurationList = 278C2AAE2B56A10F00F25D5D /* Build configuration list for PBXNativeTarget "VkNewsFeed" */;
			buildPhases = (
				278C2A962B56A10C00F25D5D /* Sources */,
				278C2A972B56A10C00F25D5D /* Frameworks */,
				278C2A982B56A10C00F25D5D /* Resources */,
				27F60F6D2B5E9CE8009FD933 /* ShellScript */,
				27F60F722B5E9E8E009FD933 /* Embed Frameworks */,
			);
			buildRules = (
			);
			dependencies = (
			);
			name = VkNewsFeed;
			productName = VkNewsFeed;
			productReference = 278C2A9A2B56A10C00F25D5D /* VkNewsFeed.app */;
			productType = "com.apple.product-type.application";
		};
/* End PBXNativeTarget section */

/* Begin PBXProject section */
		278C2A922B56A10C00F25D5D /* Project object */ = {
			isa = PBXProject;
			attributes = {
				BuildIndependentTargetsInParallel = 1;
				LastSwiftUpdateCheck = 1330;
				LastUpgradeCheck = 1330;
				TargetAttributes = {
					278C2A992B56A10C00F25D5D = {
						CreatedOnToolsVersion = 13.3;
					};
				};
			};
			buildConfigurationList = 278C2A952B56A10C00F25D5D /* Build configuration list for PBXProject "VkNewsFeed" */;
			compatibilityVersion = "Xcode 13.0";
			developmentRegion = en;
			hasScannedForEncodings = 0;
			knownRegions = (
				en,
				Base,
			);
			mainGroup = 278C2A912B56A10C00F25D5D;
			productRefGroup = 278C2A9B2B56A10C00F25D5D /* Products */;
			projectDirPath = "";
			projectRoot = "";
			targets = (
				278C2A992B56A10C00F25D5D /* VkNewsFeed */,
			);
		};
/* End PBXProject section */

/* Begin PBXResourcesBuildPhase section */
		278C2A982B56A10C00F25D5D /* Resources */ = {
			isa = PBXResourcesBuildPhase;
			buildActionMask = 2147483647;
			files = (
				278C2AAA2B56A10F00F25D5D /* LaunchScreen.storyboard in Resources */,
				27F60F772B60CD22009FD933 /* AuthViewController.storyboard in Resources */,
				274D64602B6F635F004E36C5 /* NewsfeedViewController.storyboard in Resources */,
				278C2AA72B56A10F00F25D5D /* Assets.xcassets in Resources */,
				274D64652B6FA42D004E36C5 /* NewsfeedCell.xib in Resources */,
			);
			runOnlyForDeploymentPostprocessing = 0;
		};
/* End PBXResourcesBuildPhase section */

/* Begin PBXShellScriptBuildPhase section */
		27F60F6D2B5E9CE8009FD933 /* ShellScript */ = {
			isa = PBXShellScriptBuildPhase;
			buildActionMask = 2147483647;
			files = (
			);
			inputFileListPaths = (
			);
			inputPaths = (
			);
			outputFileListPaths = (
			);
			outputPaths = (
			);
			runOnlyForDeploymentPostprocessing = 0;
			shellPath = /bin/sh;
			shellScript = "/usr/local/bin/carthage copy-frameworks\n";
		};
/* End PBXShellScriptBuildPhase section */

/* Begin PBXSourcesBuildPhase section */
		278C2A962B56A10C00F25D5D /* Sources */ = {
			isa = PBXSourcesBuildPhase;
			buildActionMask = 2147483647;
			files = (
				27CFF71D2B62A05D00FBBC23 /* FeedResponse.swift in Sources */,
				27620F662B7A2272003FA7EF /* String + Height.swift in Sources */,
				274D645C2B6CF951004E36C5 /* NewsfeedViewController.swift in Sources */,
				278C2AA22B56A10C00F25D5D /* AuthViewController.swift in Sources */,
				278C2A9E2B56A10C00F25D5D /* AppDelegate.swift in Sources */,
				274D64582B6CF951004E36C5 /* NewsfeedPresenter.swift in Sources */,
				274D645A2B6CF951004E36C5 /* NewsfeedRouter.swift in Sources */,
				278C2AA02B56A10C00F25D5D /* SceneDelegate.swift in Sources */,
				27F60F7F2B6117DE009FD933 /* NetworkService.swift in Sources */,
				274D645B2B6CF951004E36C5 /* NewsfeedModels.swift in Sources */,
				27F049622B74D8E200883146 /* WebImageView.swift in Sources */,
				27CFF71F2B62A61D00FBBC23 /* NetworkDataFetcher.swift in Sources */,
				274D64592B6CF951004E36C5 /* NewsfeedWorker.swift in Sources */,
				27F60F742B60C55A009FD933 /* AuthService.swift in Sources */,
				27F60F812B611993009FD933 /* API.swift in Sources */,
				274D64632B6FA3A7004E36C5 /* NewsfeedCell.swift in Sources */,
				274D645D2B6CF951004E36C5 /* NewsfeedInteractor.swift in Sources */,
				278F18592B762A9600901109 /* NewsFeedCellLayoutCalculator.swift in Sources */,
			);
			runOnlyForDeploymentPostprocessing = 0;
		};
/* End PBXSourcesBuildPhase section */

/* Begin PBXVariantGroup section */
		278C2AA82B56A10F00F25D5D /* LaunchScreen.storyboard */ = {
			isa = PBXVariantGroup;
			children = (
				278C2AA92B56A10F00F25D5D /* Base */,
			);
			name = LaunchScreen.storyboard;
			sourceTree = "<group>";
		};
/* End PBXVariantGroup section */

/* Begin XCBuildConfiguration section */
		278C2AAC2B56A10F00F25D5D /* Debug */ = {
			isa = XCBuildConfiguration;
			buildSettings = {
				ALWAYS_SEARCH_USER_PATHS = NO;
				CLANG_ANALYZER_NONNULL = YES;
				CLANG_ANALYZER_NUMBER_OBJECT_CONVERSION = YES_AGGRESSIVE;
				CLANG_CXX_LANGUAGE_STANDARD = "gnu++17";
				CLANG_ENABLE_MODULES = YES;
				CLANG_ENABLE_OBJC_ARC = YES;
				CLANG_ENABLE_OBJC_WEAK = YES;
				CLANG_WARN_BLOCK_CAPTURE_AUTORELEASING = YES;
				CLANG_WARN_BOOL_CONVERSION = YES;
				CLANG_WARN_COMMA = YES;
				CLANG_WARN_CONSTANT_CONVERSION = YES;
				CLANG_WARN_DEPRECATED_OBJC_IMPLEMENTATIONS = YES;
				CLANG_WARN_DIRECT_OBJC_ISA_USAGE = YES_ERROR;
				CLANG_WARN_DOCUMENTATION_COMMENTS = YES;
				CLANG_WARN_EMPTY_BODY = YES;
				CLANG_WARN_ENUM_CONVERSION = YES;
				CLANG_WARN_INFINITE_RECURSION = YES;
				CLANG_WARN_INT_CONVERSION = YES;
				CLANG_WARN_NON_LITERAL_NULL_CONVERSION = YES;
				CLANG_WARN_OBJC_IMPLICIT_RETAIN_SELF = YES;
				CLANG_WARN_OBJC_LITERAL_CONVERSION = YES;
				CLANG_WARN_OBJC_ROOT_CLASS = YES_ERROR;
				CLANG_WARN_QUOTED_INCLUDE_IN_FRAMEWORK_HEADER = YES;
				CLANG_WARN_RANGE_LOOP_ANALYSIS = YES;
				CLANG_WARN_STRICT_PROTOTYPES = YES;
				CLANG_WARN_SUSPICIOUS_MOVE = YES;
				CLANG_WARN_UNGUARDED_AVAILABILITY = YES_AGGRESSIVE;
				CLANG_WARN_UNREACHABLE_CODE = YES;
				CLANG_WARN__DUPLICATE_METHOD_MATCH = YES;
				COPY_PHASE_STRIP = NO;
				DEBUG_INFORMATION_FORMAT = dwarf;
				ENABLE_STRICT_OBJC_MSGSEND = YES;
				ENABLE_TESTABILITY = YES;
				GCC_C_LANGUAGE_STANDARD = gnu11;
				GCC_DYNAMIC_NO_PIC = NO;
				GCC_NO_COMMON_BLOCKS = YES;
				GCC_OPTIMIZATION_LEVEL = 0;
				GCC_PREPROCESSOR_DEFINITIONS = (
					"DEBUG=1",
					"$(inherited)",
				);
				GCC_WARN_64_TO_32_BIT_CONVERSION = YES;
				GCC_WARN_ABOUT_RETURN_TYPE = YES_ERROR;
				GCC_WARN_UNDECLARED_SELECTOR = YES;
				GCC_WARN_UNINITIALIZED_AUTOS = YES_AGGRESSIVE;
				GCC_WARN_UNUSED_FUNCTION = YES;
				GCC_WARN_UNUSED_VARIABLE = YES;
				IPHONEOS_DEPLOYMENT_TARGET = 15.4;
				MTL_ENABLE_DEBUG_INFO = INCLUDE_SOURCE;
				MTL_FAST_MATH = YES;
				ONLY_ACTIVE_ARCH = YES;
				SDKROOT = iphoneos;
				SWIFT_ACTIVE_COMPILATION_CONDITIONS = DEBUG;
				SWIFT_OPTIMIZATION_LEVEL = "-Onone";
			};
			name = Debug;
		};
		278C2AAD2B56A10F00F25D5D /* Release */ = {
			isa = XCBuildConfiguration;
			buildSettings = {
				ALWAYS_SEARCH_USER_PATHS = NO;
				CLANG_ANALYZER_NONNULL = YES;
				CLANG_ANALYZER_NUMBER_OBJECT_CONVERSION = YES_AGGRESSIVE;
				CLANG_CXX_LANGUAGE_STANDARD = "gnu++17";
				CLANG_ENABLE_MODULES = YES;
				CLANG_ENABLE_OBJC_ARC = YES;
				CLANG_ENABLE_OBJC_WEAK = YES;
				CLANG_WARN_BLOCK_CAPTURE_AUTORELEASING = YES;
				CLANG_WARN_BOOL_CONVERSION = YES;
				CLANG_WARN_COMMA = YES;
				CLANG_WARN_CONSTANT_CONVERSION = YES;
				CLANG_WARN_DEPRECATED_OBJC_IMPLEMENTATIONS = YES;
				CLANG_WARN_DIRECT_OBJC_ISA_USAGE = YES_ERROR;
				CLANG_WARN_DOCUMENTATION_COMMENTS = YES;
				CLANG_WARN_EMPTY_BODY = YES;
				CLANG_WARN_ENUM_CONVERSION = YES;
				CLANG_WARN_INFINITE_RECURSION = YES;
				CLANG_WARN_INT_CONVERSION = YES;
				CLANG_WARN_NON_LITERAL_NULL_CONVERSION = YES;
				CLANG_WARN_OBJC_IMPLICIT_RETAIN_SELF = YES;
				CLANG_WARN_OBJC_LITERAL_CONVERSION = YES;
				CLANG_WARN_OBJC_ROOT_CLASS = YES_ERROR;
				CLANG_WARN_QUOTED_INCLUDE_IN_FRAMEWORK_HEADER = YES;
				CLANG_WARN_RANGE_LOOP_ANALYSIS = YES;
				CLANG_WARN_STRICT_PROTOTYPES = YES;
				CLANG_WARN_SUSPICIOUS_MOVE = YES;
				CLANG_WARN_UNGUARDED_AVAILABILITY = YES_AGGRESSIVE;
				CLANG_WARN_UNREACHABLE_CODE = YES;
				CLANG_WARN__DUPLICATE_METHOD_MATCH = YES;
				COPY_PHASE_STRIP = NO;
				DEBUG_INFORMATION_FORMAT = "dwarf-with-dsym";
				ENABLE_NS_ASSERTIONS = NO;
				ENABLE_STRICT_OBJC_MSGSEND = YES;
				GCC_C_LANGUAGE_STANDARD = gnu11;
				GCC_NO_COMMON_BLOCKS = YES;
				GCC_WARN_64_TO_32_BIT_CONVERSION = YES;
				GCC_WARN_ABOUT_RETURN_TYPE = YES_ERROR;
				GCC_WARN_UNDECLARED_SELECTOR = YES;
				GCC_WARN_UNINITIALIZED_AUTOS = YES_AGGRESSIVE;
				GCC_WARN_UNUSED_FUNCTION = YES;
				GCC_WARN_UNUSED_VARIABLE = YES;
				IPHONEOS_DEPLOYMENT_TARGET = 15.4;
				MTL_ENABLE_DEBUG_INFO = NO;
				MTL_FAST_MATH = YES;
				SDKROOT = iphoneos;
				SWIFT_COMPILATION_MODE = wholemodule;
				SWIFT_OPTIMIZATION_LEVEL = "-O";
				VALIDATE_PRODUCT = YES;
			};
			name = Release;
		};
		278C2AAF2B56A10F00F25D5D /* Debug */ = {
			isa = XCBuildConfiguration;
			buildSettings = {
				ASSETCATALOG_COMPILER_APPICON_NAME = AppIcon;
				ASSETCATALOG_COMPILER_GLOBAL_ACCENT_COLOR_NAME = AccentColor;
				CODE_SIGN_STYLE = Automatic;
				CURRENT_PROJECT_VERSION = 1;
				DEVELOPMENT_TEAM = 5YV4VGSKW4;
				GENERATE_INFOPLIST_FILE = YES;
				INFOPLIST_FILE = VkNewsFeed/Info.plist;
				INFOPLIST_KEY_UIApplicationSupportsIndirectInputEvents = YES;
				INFOPLIST_KEY_UILaunchStoryboardName = LaunchScreen;
				INFOPLIST_KEY_UISupportedInterfaceOrientations_iPad = "UIInterfaceOrientationPortrait UIInterfaceOrientationPortraitUpsideDown UIInterfaceOrientationLandscapeLeft UIInterfaceOrientationLandscapeRight";
				INFOPLIST_KEY_UISupportedInterfaceOrientations_iPhone = "UIInterfaceOrientationPortrait UIInterfaceOrientationLandscapeLeft UIInterfaceOrientationLandscapeRight";
				LD_RUNPATH_SEARCH_PATHS = (
					"$(inherited)",
					"@executable_path/Frameworks",
				);
				MARKETING_VERSION = 1.0;
				PRODUCT_BUNDLE_IDENTIFIER = com.evgeniyFakhretdinov.VkNewsFeed;
				PRODUCT_NAME = "$(TARGET_NAME)";
				SWIFT_EMIT_LOC_STRINGS = YES;
				SWIFT_VERSION = 5.0;
				TARGETED_DEVICE_FAMILY = "1,2";
			};
			name = Debug;
		};
		278C2AB02B56A10F00F25D5D /* Release */ = {
			isa = XCBuildConfiguration;
			buildSettings = {
				ASSETCATALOG_COMPILER_APPICON_NAME = AppIcon;
				ASSETCATALOG_COMPILER_GLOBAL_ACCENT_COLOR_NAME = AccentColor;
				CODE_SIGN_STYLE = Automatic;
				CURRENT_PROJECT_VERSION = 1;
				DEVELOPMENT_TEAM = 5YV4VGSKW4;
				GENERATE_INFOPLIST_FILE = YES;
				INFOPLIST_FILE = VkNewsFeed/Info.plist;
				INFOPLIST_KEY_UIApplicationSupportsIndirectInputEvents = YES;
				INFOPLIST_KEY_UILaunchStoryboardName = LaunchScreen;
				INFOPLIST_KEY_UISupportedInterfaceOrientations_iPad = "UIInterfaceOrientationPortrait UIInterfaceOrientationPortraitUpsideDown UIInterfaceOrientationLandscapeLeft UIInterfaceOrientationLandscapeRight";
				INFOPLIST_KEY_UISupportedInterfaceOrientations_iPhone = "UIInterfaceOrientationPortrait UIInterfaceOrientationLandscapeLeft UIInterfaceOrientationLandscapeRight";
				LD_RUNPATH_SEARCH_PATHS = (
					"$(inherited)",
					"@executable_path/Frameworks",
				);
				MARKETING_VERSION = 1.0;
				PRODUCT_BUNDLE_IDENTIFIER = com.evgeniyFakhretdinov.VkNewsFeed;
				PRODUCT_NAME = "$(TARGET_NAME)";
				SWIFT_EMIT_LOC_STRINGS = YES;
				SWIFT_VERSION = 5.0;
				TARGETED_DEVICE_FAMILY = "1,2";
			};
			name = Release;
		};
/* End XCBuildConfiguration section */

/* Begin XCConfigurationList section */
		278C2A952B56A10C00F25D5D /* Build configuration list for PBXProject "VkNewsFeed" */ = {
			isa = XCConfigurationList;
			buildConfigurations = (
				278C2AAC2B56A10F00F25D5D /* Debug */,
				278C2AAD2B56A10F00F25D5D /* Release */,
			);
			defaultConfigurationIsVisible = 0;
			defaultConfigurationName = Release;
		};
		278C2AAE2B56A10F00F25D5D /* Build configuration list for PBXNativeTarget "VkNewsFeed" */ = {
			isa = XCConfigurationList;
			buildConfigurations = (
				278C2AAF2B56A10F00F25D5D /* Debug */,
				278C2AB02B56A10F00F25D5D /* Release */,
			);
			defaultConfigurationIsVisible = 0;
			defaultConfigurationName = Release;
		};
/* End XCConfigurationList section */
	};
	rootObject = 278C2A922B56A10C00F25D5D /* Project object */;
}
